
Microsoft Visual Studio Solution File, Format Version 10.00
# Visual Studio 2008
Project("{8BC9CEB8-8B4A-11D0-8D11-00A0C91BC942}") = "Dark", "Dark\Dark.vcproj", "{ADF2E1E7-7C64-4EE6-BF08-DB6B55378C39}"
	ProjectSection(ProjectDependencies) = postProject
		{719ECA25-AF1E-42B7-8100-2FFC6B79631E} = {719ECA25-AF1E-42B7-8100-2FFC6B79631E}
		{5388BD53-755D-4688-9A51-860B62163C74} = {5388BD53-755D-4688-9A51-860B62163C74}
		{9497F6BD-DF77-457F-A6CB-DAFDDA872933} = {9497F6BD-DF77-457F-A6CB-DAFDDA872933}
	EndProjectSection
EndProject
Project("{8BC9CEB8-8B4A-11D0-8D11-00A0C91BC942}") = "Initializing", "Initializing\Initializing.vcproj", "{9497F6BD-DF77-457F-A6CB-DAFDDA872933}"
EndProject
Project("{8BC9CEB8-8B4A-11D0-8D11-00A0C91BC942}") = "ResourceSystem", "Resource System\ResourceSystem.vcproj", "{5388BD53-755D-4688-9A51-860B62163C74}"
EndProject
Project("{8BC9CEB8-8B4A-11D0-8D11-00A0C91BC942}") = "Font", "Font\Font.vcproj", "{719ECA25-AF1E-42B7-8100-2FFC6B79631E}"
EndProject
Project("{8BC9CEB8-8B4A-11D0-8D11-00A0C91BC942}") = "X360_Dark", "X360_Dark\X360_Dark.vcproj", "{70FF936A-905B-4C8A-90E5-AB01BACBCC0D}"
EndProject
Global
	GlobalSection(SolutionConfigurationPlatforms) = preSolution
		CodeAnalysis|Mixed Platforms = CodeAnalysis|Mixed Platforms
		CodeAnalysis|Win32 = CodeAnalysis|Win32
		CodeAnalysis|Xbox 360 = CodeAnalysis|Xbox 360
		Debug|Mixed Platforms = Debug|Mixed Platforms
		Debug|Win32 = Debug|Win32
		Debug|Xbox 360 = Debug|Xbox 360
		Profile_FastCap|Mixed Platforms = Profile_FastCap|Mixed Platforms
		Profile_FastCap|Win32 = Profile_FastCap|Win32
		Profile_FastCap|Xbox 360 = Profile_FastCap|Xbox 360
		Profile|Mixed Platforms = Profile|Mixed Platforms
		Profile|Win32 = Profile|Win32
		Profile|Xbox 360 = Profile|Xbox 360
		Release_LTCG|Mixed Platforms = Release_LTCG|Mixed Platforms
		Release_LTCG|Win32 = Release_LTCG|Win32
		Release_LTCG|Xbox 360 = Release_LTCG|Xbox 360
		Release|Mixed Platforms = Release|Mixed Platforms
		Release|Win32 = Release|Win32
		Release|Xbox 360 = Release|Xbox 360
	EndGlobalSection
	GlobalSection(ProjectConfigurationPlatforms) = postSolution
		{ADF2E1E7-7C64-4EE6-BF08-DB6B55378C39}.CodeAnalysis|Mixed Platforms.ActiveCfg = Release|Win32
		{ADF2E1E7-7C64-4EE6-BF08-DB6B55378C39}.CodeAnalysis|Mixed Platforms.Build.0 = Release|Win32
		{ADF2E1E7-7C64-4EE6-BF08-DB6B55378C39}.CodeAnalysis|Win32.ActiveCfg = Release|Win32
		{ADF2E1E7-7C64-4EE6-BF08-DB6B55378C39}.CodeAnalysis|Win32.Build.0 = Release|Win32
		{ADF2E1E7-7C64-4EE6-BF08-DB6B55378C39}.CodeAnalysis|Xbox 360.ActiveCfg = Release|Win32
		{ADF2E1E7-7C64-4EE6-BF08-DB6B55378C39}.Debug|Mixed Platforms.ActiveCfg = Debug|Win32
		{ADF2E1E7-7C64-4EE6-BF08-DB6B55378C39}.Debug|Mixed Platforms.Build.0 = Debug|Win32
		{ADF2E1E7-7C64-4EE6-BF08-DB6B55378C39}.Debug|Win32.ActiveCfg = Debug|Win32
		{ADF2E1E7-7C64-4EE6-BF08-DB6B55378C39}.Debug|Win32.Build.0 = Debug|Win32
		{ADF2E1E7-7C64-4EE6-BF08-DB6B55378C39}.Debug|Xbox 360.ActiveCfg = Debug|Win32
		{ADF2E1E7-7C64-4EE6-BF08-DB6B55378C39}.Profile_FastCap|Mixed Platforms.ActiveCfg = Release|Win32
		{ADF2E1E7-7C64-4EE6-BF08-DB6B55378C39}.Profile_FastCap|Mixed Platforms.Build.0 = Release|Win32
		{ADF2E1E7-7C64-4EE6-BF08-DB6B55378C39}.Profile_FastCap|Win32.ActiveCfg = Release|Win32
		{ADF2E1E7-7C64-4EE6-BF08-DB6B55378C39}.Profile_FastCap|Win32.Build.0 = Release|Win32
		{ADF2E1E7-7C64-4EE6-BF08-DB6B55378C39}.Profile_FastCap|Xbox 360.ActiveCfg = Release|Win32
		{ADF2E1E7-7C64-4EE6-BF08-DB6B55378C39}.Profile|Mixed Platforms.ActiveCfg = Release|Win32
		{ADF2E1E7-7C64-4EE6-BF08-DB6B55378C39}.Profile|Mixed Platforms.Build.0 = Release|Win32
		{ADF2E1E7-7C64-4EE6-BF08-DB6B55378C39}.Profile|Win32.ActiveCfg = Release|Win32
		{ADF2E1E7-7C64-4EE6-BF08-DB6B55378C39}.Profile|Win32.Build.0 = Release|Win32
		{ADF2E1E7-7C64-4EE6-BF08-DB6B55378C39}.Profile|Xbox 360.ActiveCfg = Release|Win32
		{ADF2E1E7-7C64-4EE6-BF08-DB6B55378C39}.Release_LTCG|Mixed Platforms.ActiveCfg = Release|Win32
		{ADF2E1E7-7C64-4EE6-BF08-DB6B55378C39}.Release_LTCG|Mixed Platforms.Build.0 = Release|Win32
		{ADF2E1E7-7C64-4EE6-BF08-DB6B55378C39}.Release_LTCG|Win32.ActiveCfg = Release|Win32
		{ADF2E1E7-7C64-4EE6-BF08-DB6B55378C39}.Release_LTCG|Win32.Build.0 = Release|Win32
		{ADF2E1E7-7C64-4EE6-BF08-DB6B55378C39}.Release_LTCG|Xbox 360.ActiveCfg = Release|Win32
		{ADF2E1E7-7C64-4EE6-BF08-DB6B55378C39}.Release|Mixed Platforms.ActiveCfg = Release|Win32
		{ADF2E1E7-7C64-4EE6-BF08-DB6B55378C39}.Release|Mixed Platforms.Build.0 = Release|Win32
		{ADF2E1E7-7C64-4EE6-BF08-DB6B55378C39}.Release|Win32.ActiveCfg = Release|Win32
		{ADF2E1E7-7C64-4EE6-BF08-DB6B55378C39}.Release|Win32.Build.0 = Release|Win32
		{ADF2E1E7-7C64-4EE6-BF08-DB6B55378C39}.Release|Xbox 360.ActiveCfg = Release|Win32
		{9497F6BD-DF77-457F-A6CB-DAFDDA872933}.CodeAnalysis|Mixed Platforms.ActiveCfg = Release|Win32
		{9497F6BD-DF77-457F-A6CB-DAFDDA872933}.CodeAnalysis|Mixed Platforms.Build.0 = Release|Win32
		{9497F6BD-DF77-457F-A6CB-DAFDDA872933}.CodeAnalysis|Win32.ActiveCfg = Release|Win32
		{9497F6BD-DF77-457F-A6CB-DAFDDA872933}.CodeAnalysis|Win32.Build.0 = Release|Win32
		{9497F6BD-DF77-457F-A6CB-DAFDDA872933}.CodeAnalysis|Xbox 360.ActiveCfg = Release|Win32
		{9497F6BD-DF77-457F-A6CB-DAFDDA872933}.Debug|Mixed Platforms.ActiveCfg = Debug|Win32
		{9497F6BD-DF77-457F-A6CB-DAFDDA872933}.Debug|Mixed Platforms.Build.0 = Debug|Win32
		{9497F6BD-DF77-457F-A6CB-DAFDDA872933}.Debug|Win32.ActiveCfg = Debug|Win32
		{9497F6BD-DF77-457F-A6CB-DAFDDA872933}.Debug|Win32.Build.0 = Debug|Win32
		{9497F6BD-DF77-457F-A6CB-DAFDDA872933}.Debug|Xbox 360.ActiveCfg = Debug|Win32
		{9497F6BD-DF77-457F-A6CB-DAFDDA872933}.Profile_FastCap|Mixed Platforms.ActiveCfg = Release|Win32
		{9497F6BD-DF77-457F-A6CB-DAFDDA872933}.Profile_FastCap|Mixed Platforms.Build.0 = Release|Win32
		{9497F6BD-DF77-457F-A6CB-DAFDDA872933}.Profile_FastCap|Win32.ActiveCfg = Release|Win32
		{9497F6BD-DF77-457F-A6CB-DAFDDA872933}.Profile_FastCap|Win32.Build.0 = Release|Win32
		{9497F6BD-DF77-457F-A6CB-DAFDDA872933}.Profile_FastCap|Xbox 360.ActiveCfg = Release|Win32
		{9497F6BD-DF77-457F-A6CB-DAFDDA872933}.Profile|Mixed Platforms.ActiveCfg = Release|Win32
		{9497F6BD-DF77-457F-A6CB-DAFDDA872933}.Profile|Mixed Platforms.Build.0 = Release|Win32
		{9497F6BD-DF77-457F-A6CB-DAFDDA872933}.Profile|Win32.ActiveCfg = Release|Win32
		{9497F6BD-DF77-457F-A6CB-DAFDDA872933}.Profile|Win32.Build.0 = Release|Win32
		{9497F6BD-DF77-457F-A6CB-DAFDDA872933}.Profile|Xbox 360.ActiveCfg = Release|Win32
		{9497F6BD-DF77-457F-A6CB-DAFDDA872933}.Release_LTCG|Mixed Platforms.ActiveCfg = Release|Win32
		{9497F6BD-DF77-457F-A6CB-DAFDDA872933}.Release_LTCG|Mixed Platforms.Build.0 = Release|Win32
		{9497F6BD-DF77-457F-A6CB-DAFDDA872933}.Release_LTCG|Win32.ActiveCfg = Release|Win32
		{9497F6BD-DF77-457F-A6CB-DAFDDA872933}.Release_LTCG|Win32.Build.0 = Release|Win32
		{9497F6BD-DF77-457F-A6CB-DAFDDA872933}.Release_LTCG|Xbox 360.ActiveCfg = Release|Win32
		{9497F6BD-DF77-457F-A6CB-DAFDDA872933}.Release|Mixed Platforms.ActiveCfg = Release|Win32
		{9497F6BD-DF77-457F-A6CB-DAFDDA872933}.Release|Mixed Platforms.Build.0 = Release|Win32
		{9497F6BD-DF77-457F-A6CB-DAFDDA872933}.Release|Win32.ActiveCfg = Release|Win32
		{9497F6BD-DF77-457F-A6CB-DAFDDA872933}.Release|Win32.Build.0 = Release|Win32
		{9497F6BD-DF77-457F-A6CB-DAFDDA872933}.Release|Xbox 360.ActiveCfg = Release|Win32
		{5388BD53-755D-4688-9A51-860B62163C74}.CodeAnalysis|Mixed Platforms.ActiveCfg = Release|Win32
		{5388BD53-755D-4688-9A51-860B62163C74}.CodeAnalysis|Mixed Platforms.Build.0 = Release|Win32
		{5388BD53-755D-4688-9A51-860B62163C74}.CodeAnalysis|Win32.ActiveCfg = Release|Win32
		{5388BD53-755D-4688-9A51-860B62163C74}.CodeAnalysis|Win32.Build.0 = Release|Win32
		{5388BD53-755D-4688-9A51-860B62163C74}.CodeAnalysis|Xbox 360.ActiveCfg = Release|Win32
		{5388BD53-755D-4688-9A51-860B62163C74}.Debug|Mixed Platforms.ActiveCfg = Debug|Win32
		{5388BD53-755D-4688-9A51-860B62163C74}.Debug|Mixed Platforms.Build.0 = Debug|Win32
		{5388BD53-755D-4688-9A51-860B62163C74}.Debug|Win32.ActiveCfg = Debug|Win32
		{5388BD53-755D-4688-9A51-860B62163C74}.Debug|Win32.Build.0 = Debug|Win32
		{5388BD53-755D-4688-9A51-860B62163C74}.Debug|Xbox 360.ActiveCfg = Debug|Win32
		{5388BD53-755D-4688-9A51-860B62163C74}.Profile_FastCap|Mixed Platforms.ActiveCfg = Release|Win32
		{5388BD53-755D-4688-9A51-860B62163C74}.Profile_FastCap|Mixed Platforms.Build.0 = Release|Win32
		{5388BD53-755D-4688-9A51-860B62163C74}.Profile_FastCap|Win32.ActiveCfg = Release|Win32
		{5388BD53-755D-4688-9A51-860B62163C74}.Profile_FastCap|Win32.Build.0 = Release|Win32
		{5388BD53-755D-4688-9A51-860B62163C74}.Profile_FastCap|Xbox 360.ActiveCfg = Release|Win32
		{5388BD53-755D-4688-9A51-860B62163C74}.Profile|Mixed Platforms.ActiveCfg = Release|Win32
		{5388BD53-755D-4688-9A51-860B62163C74}.Profile|Mixed Platforms.Build.0 = Release|Win32
		{5388BD53-755D-4688-9A51-860B62163C74}.Profile|Win32.ActiveCfg = Release|Win32
		{5388BD53-755D-4688-9A51-860B62163C74}.Profile|Win32.Build.0 = Release|Win32
		{5388BD53-755D-4688-9A51-860B62163C74}.Profile|Xbox 360.ActiveCfg = Release|Win32
		{5388BD53-755D-4688-9A51-860B62163C74}.Release_LTCG|Mixed Platforms.ActiveCfg = Release|Win32
		{5388BD53-755D-4688-9A51-860B62163C74}.Release_LTCG|Mixed Platforms.Build.0 = Release|Win32
		{5388BD53-755D-4688-9A51-860B62163C74}.Release_LTCG|Win32.ActiveCfg = Release|Win32
		{5388BD53-755D-4688-9A51-860B62163C74}.Release_LTCG|Win32.Build.0 = Release|Win32
		{5388BD53-755D-4688-9A51-860B62163C74}.Release_LTCG|Xbox 360.ActiveCfg = Release|Win32
		{5388BD53-755D-4688-9A51-860B62163C74}.Release|Mixed Platforms.ActiveCfg = Release|Win32
		{5388BD53-755D-4688-9A51-860B62163C74}.Release|Mixed Platforms.Build.0 = Release|Win32
		{5388BD53-755D-4688-9A51-860B62163C74}.Release|Win32.ActiveCfg = Release|Win32
		{5388BD53-755D-4688-9A51-860B62163C74}.Release|Win32.Build.0 = Release|Win32
		{5388BD53-755D-4688-9A51-860B62163C74}.Release|Xbox 360.ActiveCfg = Release|Win32
		{719ECA25-AF1E-42B7-8100-2FFC6B79631E}.CodeAnalysis|Mixed Platforms.ActiveCfg = Release|Win32
		{719ECA25-AF1E-42B7-8100-2FFC6B79631E}.CodeAnalysis|Mixed Platforms.Build.0 = Release|Win32
		{719ECA25-AF1E-42B7-8100-2FFC6B79631E}.CodeAnalysis|Win32.ActiveCfg = Release|Win32
		{719ECA25-AF1E-42B7-8100-2FFC6B79631E}.CodeAnalysis|Win32.Build.0 = Release|Win32
		{719ECA25-AF1E-42B7-8100-2FFC6B79631E}.CodeAnalysis|Xbox 360.ActiveCfg = Release|Win32
		{719ECA25-AF1E-42B7-8100-2FFC6B79631E}.Debug|Mixed Platforms.ActiveCfg = Debug|Win32
		{719ECA25-AF1E-42B7-8100-2FFC6B79631E}.Debug|Mixed Platforms.Build.0 = Debug|Win32
		{719ECA25-AF1E-42B7-8100-2FFC6B79631E}.Debug|Win32.ActiveCfg = Debug|Win32
		{719ECA25-AF1E-42B7-8100-2FFC6B79631E}.Debug|Win32.Build.0 = Debug|Win32
		{719ECA25-AF1E-42B7-8100-2FFC6B79631E}.Debug|Xbox 360.ActiveCfg = Debug|Win32
		{719ECA25-AF1E-42B7-8100-2FFC6B79631E}.Profile_FastCap|Mixed Platforms.ActiveCfg = Release|Win32
		{719ECA25-AF1E-42B7-8100-2FFC6B79631E}.Profile_FastCap|Mixed Platforms.Build.0 = Release|Win32
		{719ECA25-AF1E-42B7-8100-2FFC6B79631E}.Profile_FastCap|Win32.ActiveCfg = Release|Win32
		{719ECA25-AF1E-42B7-8100-2FFC6B79631E}.Profile_FastCap|Win32.Build.0 = Release|Win32
		{719ECA25-AF1E-42B7-8100-2FFC6B79631E}.Profile_FastCap|Xbox 360.ActiveCfg = Release|Win32
		{719ECA25-AF1E-42B7-8100-2FFC6B79631E}.Profile|Mixed Platforms.ActiveCfg = Release|Win32
		{719ECA25-AF1E-42B7-8100-2FFC6B79631E}.Profile|Mixed Platforms.Build.0 = Release|Win32
		{719ECA25-AF1E-42B7-8100-2FFC6B79631E}.Profile|Win32.ActiveCfg = Release|Win32
		{719ECA25-AF1E-42B7-8100-2FFC6B79631E}.Profile|Win32.Build.0 = Release|Win32
		{719ECA25-AF1E-42B7-8100-2FFC6B79631E}.Profile|Xbox 360.ActiveCfg = Release|Win32
		{719ECA25-AF1E-42B7-8100-2FFC6B79631E}.Release_LTCG|Mixed Platforms.ActiveCfg = Release|Win32
		{719ECA25-AF1E-42B7-8100-2FFC6B79631E}.Release_LTCG|Mixed Platforms.Build.0 = Release|Win32
		{719ECA25-AF1E-42B7-8100-2FFC6B79631E}.Release_LTCG|Win32.ActiveCfg = Release|Win32
		{719ECA25-AF1E-42B7-8100-2FFC6B79631E}.Release_LTCG|Win32.Build.0 = Release|Win32
		{719ECA25-AF1E-42B7-8100-2FFC6B79631E}.Release_LTCG|Xbox 360.ActiveCfg = Release|Win32
		{719ECA25-AF1E-42B7-8100-2FFC6B79631E}.Release|Mixed Platforms.ActiveCfg = Release|Win32
		{719ECA25-AF1E-42B7-8100-2FFC6B79631E}.Release|Mixed Platforms.Build.0 = Release|Win32
		{719ECA25-AF1E-42B7-8100-2FFC6B79631E}.Release|Win32.ActiveCfg = Release|Win32
		{719ECA25-AF1E-42B7-8100-2FFC6B79631E}.Release|Win32.Build.0 = Release|Win32
		{719ECA25-AF1E-42B7-8100-2FFC6B79631E}.Release|Xbox 360.ActiveCfg = Release|Win32
		{70FF936A-905B-4C8A-90E5-AB01BACBCC0D}.CodeAnalysis|Mixed Platforms.ActiveCfg = CodeAnalysis|Xbox 360
		{70FF936A-905B-4C8A-90E5-AB01BACBCC0D}.CodeAnalysis|Mixed Platforms.Build.0 = CodeAnalysis|Xbox 360
		{70FF936A-905B-4C8A-90E5-AB01BACBCC0D}.CodeAnalysis|Win32.ActiveCfg = CodeAnalysis|Xbox 360
		{70FF936A-905B-4C8A-90E5-AB01BACBCC0D}.CodeAnalysis|Xbox 360.ActiveCfg = CodeAnalysis|Xbox 360
		{70FF936A-905B-4C8A-90E5-AB01BACBCC0D}.CodeAnalysis|Xbox 360.Build.0 = CodeAnalysis|Xbox 360
		{70FF936A-905B-4C8A-90E5-AB01BACBCC0D}.Debug|Mixed Platforms.ActiveCfg = Debug|Xbox 360
		{70FF936A-905B-4C8A-90E5-AB01BACBCC0D}.Debug|Mixed Platforms.Build.0 = Debug|Xbox 360
		{70FF936A-905B-4C8A-90E5-AB01BACBCC0D}.Debug|Win32.ActiveCfg = Debug|Xbox 360
		{70FF936A-905B-4C8A-90E5-AB01BACBCC0D}.Debug|Xbox 360.ActiveCfg = Debug|Xbox 360
		{70FF936A-905B-4C8A-90E5-AB01BACBCC0D}.Debug|Xbox 360.Build.0 = Debug|Xbox 360
		{70FF936A-905B-4C8A-90E5-AB01BACBCC0D}.Profile_FastCap|Mixed Platforms.ActiveCfg = Profile_FastCap|Xbox 360
		{70FF936A-905B-4C8A-90E5-AB01BACBCC0D}.Profile_FastCap|Mixed Platforms.Build.0 = Profile_FastCap|Xbox 360
		{70FF936A-905B-4C8A-90E5-AB01BACBCC0D}.Profile_FastCap|Win32.ActiveCfg = Profile_FastCap|Xbox 360
		{70FF936A-905B-4C8A-90E5-AB01BACBCC0D}.Profile_FastCap|Xbox 360.ActiveCfg = Profile_FastCap|Xbox 360
		{70FF936A-905B-4C8A-90E5-AB01BACBCC0D}.Profile_FastCap|Xbox 360.Build.0 = Profile_FastCap|Xbox 360
		{70FF936A-905B-4C8A-90E5-AB01BACBCC0D}.Profile|Mixed Platforms.ActiveCfg = Profile|Xbox 360
		{70FF936A-905B-4C8A-90E5-AB01BACBCC0D}.Profile|Mixed Platforms.Build.0 = Profile|Xbox 360
		{70FF936A-905B-4C8A-90E5-AB01BACBCC0D}.Profile|Win32.ActiveCfg = Profile|Xbox 360
		{70FF936A-905B-4C8A-90E5-AB01BACBCC0D}.Profile|Xbox 360.ActiveCfg = Profile|Xbox 360
		{70FF936A-905B-4C8A-90E5-AB01BACBCC0D}.Profile|Xbox 360.Build.0 = Profile|Xbox 360
		{70FF936A-905B-4C8A-90E5-AB01BACBCC0D}.Release_LTCG|Mixed Platforms.ActiveCfg = Release_LTCG|Xbox 360
		{70FF936A-905B-4C8A-90E5-AB01BACBCC0D}.Release_LTCG|Mixed Platforms.Build.0 = Release_LTCG|Xbox 360
		{70FF936A-905B-4C8A-90E5-AB01BACBCC0D}.Release_LTCG|Win32.ActiveCfg = Release_LTCG|Xbox 360
		{70FF936A-905B-4C8A-90E5-AB01BACBCC0D}.Release_LTCG|Xbox 360.ActiveCfg = Release_LTCG|Xbox 360
		{70FF936A-905B-4C8A-90E5-AB01BACBCC0D}.Release_LTCG|Xbox 360.Build.0 = Release_LTCG|Xbox 360
		{70FF936A-905B-4C8A-90E5-AB01BACBCC0D}.Release|Mixed Platforms.ActiveCfg = Release|Xbox 360
		{70FF936A-905B-4C8A-90E5-AB01BACBCC0D}.Release|Mixed Platforms.Build.0 = Release|Xbox 360
		{70FF936A-905B-4C8A-90E5-AB01BACBCC0D}.Release|Win32.ActiveCfg = Release|Xbox 360
		{70FF936A-905B-4C8A-90E5-AB01BACBCC0D}.Release|Xbox 360.ActiveCfg = Release|Xbox 360
		{70FF936A-905B-4C8A-90E5-AB01BACBCC0D}.Release|Xbox 360.Build.0 = Release|Xbox 360
	EndGlobalSection
	GlobalSection(SolutionProperties) = preSolution
		HideSolutionNode = FALSE
	EndGlobalSection
EndGlobal
